
Microsoft Visual Studio Solution File, Format Version 12.00
# Visual Studio Version 17
VisualStudioVersion = 17.5.002.0
MinimumVisualStudioVersion = 10.0.40219.1
Project("{9A19103F-16F7-4668-BE54-9A1E7A4F7556}") = "POS_App", "POS_App.csproj", "{ACFD2B1D-BD48-44FA-B591-E843CE40A4C3}"
EndProject
Project("{FAE04EC0-301F-11D3-BF4B-00C04F79EFBC}") = "POS_App.Test", "..\POS_App.Test\POS_App.Test.csproj", "{637C607E-4B67-4A58-8EF0-EF2B161CDA1E}"
EndProject
Global
	GlobalSection(SolutionConfigurationPlatforms) = preSolution
		Debug|Any CPU = Debug|Any CPU
		Debug|ARM64 = Debug|ARM64
		Debug|x64 = Debug|x64
		Debug|x86 = Debug|x86
		Release|Any CPU = Release|Any CPU
		Release|ARM64 = Release|ARM64
		Release|x64 = Release|x64
		Release|x86 = Release|x86
	EndGlobalSection
	GlobalSection(ProjectConfigurationPlatforms) = postSolution
		{ACFD2B1D-BD48-44FA-B591-E843CE40A4C3}.Debug|Any CPU.ActiveCfg = Debug|x86
		{ACFD2B1D-BD48-44FA-B591-E843CE40A4C3}.Debug|Any CPU.Build.0 = Debug|x86
		{ACFD2B1D-BD48-44FA-B591-E843CE40A4C3}.Debug|Any CPU.Deploy.0 = Debug|x86
		{ACFD2B1D-BD48-44FA-B591-E843CE40A4C3}.Debug|ARM64.ActiveCfg = Debug|ARM64
		{ACFD2B1D-BD48-44FA-B591-E843CE40A4C3}.Debug|ARM64.Build.0 = Debug|ARM64
		{ACFD2B1D-BD48-44FA-B591-E843CE40A4C3}.Debug|ARM64.Deploy.0 = Debug|ARM64
		{ACFD2B1D-BD48-44FA-B591-E843CE40A4C3}.Debug|x64.ActiveCfg = Debug|x64
		{ACFD2B1D-BD48-44FA-B591-E843CE40A4C3}.Debug|x64.Build.0 = Debug|x64
		{ACFD2B1D-BD48-44FA-B591-E843CE40A4C3}.Debug|x64.Deploy.0 = Debug|x64
		{ACFD2B1D-BD48-44FA-B591-E843CE40A4C3}.Debug|x86.ActiveCfg = Debug|x86
		{ACFD2B1D-BD48-44FA-B591-E843CE40A4C3}.Debug|x86.Build.0 = Debug|x86
		{ACFD2B1D-BD48-44FA-B591-E843CE40A4C3}.Debug|x86.Deploy.0 = Debug|x86
		{ACFD2B1D-BD48-44FA-B591-E843CE40A4C3}.Release|Any CPU.ActiveCfg = Release|Any CPU
		{ACFD2B1D-BD48-44FA-B591-E843CE40A4C3}.Release|Any CPU.Build.0 = Release|Any CPU
		{ACFD2B1D-BD48-44FA-B591-E843CE40A4C3}.Release|ARM64.ActiveCfg = Release|ARM64
		{ACFD2B1D-BD48-44FA-B591-E843CE40A4C3}.Release|ARM64.Build.0 = Release|ARM64
		{ACFD2B1D-BD48-44FA-B591-E843CE40A4C3}.Release|ARM64.Deploy.0 = Release|ARM64
		{ACFD2B1D-BD48-44FA-B591-E843CE40A4C3}.Release|x64.ActiveCfg = Release|x64
		{ACFD2B1D-BD48-44FA-B591-E843CE40A4C3}.Release|x64.Build.0 = Release|x64
		{ACFD2B1D-BD48-44FA-B591-E843CE40A4C3}.Release|x64.Deploy.0 = Release|x64
		{ACFD2B1D-BD48-44FA-B591-E843CE40A4C3}.Release|x86.ActiveCfg = Release|x86
		{ACFD2B1D-BD48-44FA-B591-E843CE40A4C3}.Release|x86.Build.0 = Release|x86
		{ACFD2B1D-BD48-44FA-B591-E843CE40A4C3}.Release|x86.Deploy.0 = Release|x86
		{637C607E-4B67-4A58-8EF0-EF2B161CDA1E}.Debug|Any CPU.ActiveCfg = Debug|x64
		{637C607E-4B67-4A58-8EF0-EF2B161CDA1E}.Debug|Any CPU.Build.0 = Debug|x64
		{637C607E-4B67-4A58-8EF0-EF2B161CDA1E}.Debug|Any CPU.Deploy.0 = Debug|x64
		{637C607E-4B67-4A58-8EF0-EF2B161CDA1E}.Debug|ARM64.ActiveCfg = Debug|ARM64
		{637C607E-4B67-4A58-8EF0-EF2B161CDA1E}.Debug|ARM64.Build.0 = Debug|ARM64
		{637C607E-4B67-4A58-8EF0-EF2B161CDA1E}.Debug|ARM64.Deploy.0 = Debug|ARM64
		{637C607E-4B67-4A58-8EF0-EF2B161CDA1E}.Debug|x64.ActiveCfg = Debug|x64
		{637C607E-4B67-4A58-8EF0-EF2B161CDA1E}.Debug|x64.Build.0 = Debug|x64
		{637C607E-4B67-4A58-8EF0-EF2B161CDA1E}.Debug|x64.Deploy.0 = Debug|x64
		{637C607E-4B67-4A58-8EF0-EF2B161CDA1E}.Debug|x86.ActiveCfg = Debug|x86
		{637C607E-4B67-4A58-8EF0-EF2B161CDA1E}.Debug|x86.Build.0 = Debug|x86
		{637C607E-4B67-4A58-8EF0-EF2B161CDA1E}.Debug|x86.Deploy.0 = Debug|x86
		{637C607E-4B67-4A58-8EF0-EF2B161CDA1E}.Release|Any CPU.ActiveCfg = Release|x64
		{637C607E-4B67-4A58-8EF0-EF2B161CDA1E}.Release|Any CPU.Build.0 = Release|x64
		{637C607E-4B67-4A58-8EF0-EF2B161CDA1E}.Release|Any CPU.Deploy.0 = Release|x64
		{637C607E-4B67-4A58-8EF0-EF2B161CDA1E}.Release|ARM64.ActiveCfg = Release|ARM64
		{637C607E-4B67-4A58-8EF0-EF2B161CDA1E}.Release|ARM64.Build.0 = Release|ARM64
		{637C607E-4B67-4A58-8EF0-EF2B161CDA1E}.Release|ARM64.Deploy.0 = Release|ARM64
		{637C607E-4B67-4A58-8EF0-EF2B161CDA1E}.Release|x64.ActiveCfg = Release|x64
		{637C607E-4B67-4A58-8EF0-EF2B161CDA1E}.Release|x64.Build.0 = Release|x64
		{637C607E-4B67-4A58-8EF0-EF2B161CDA1E}.Release|x64.Deploy.0 = Release|x64
		{637C607E-4B67-4A58-8EF0-EF2B161CDA1E}.Release|x86.ActiveCfg = Release|x86
		{637C607E-4B67-4A58-8EF0-EF2B161CDA1E}.Release|x86.Build.0 = Release|x86
		{637C607E-4B67-4A58-8EF0-EF2B161CDA1E}.Release|x86.Deploy.0 = Release|x86
	EndGlobalSection
	GlobalSection(SolutionProperties) = preSolution
		HideSolutionNode = FALSE
	EndGlobalSection
	GlobalSection(ExtensibilityGlobals) = postSolution
		SolutionGuid = {D3B30641-582A-4F89-B2D7-84D03D0C4553}
	EndGlobalSection
EndGlobal
